
Microsoft Visual Studio Solution File, Format Version 12.00
# Visual Studio Version 16
VisualStudioVersion = 16.0.30204.135
MinimumVisualStudioVersion = 10.0.40219.1
Project("{8BC9CEB8-8B4A-11D0-8D11-00A0C91BC942}") = "Solitaire", "Solitaire.vcxproj", "{2483CB88-5454-479B-BA0A-CDFB5867794A}"
EndProject
Global
	GlobalSection(SolutionConfigurationPlatforms) = preSolution
		Debug|x64 = Debug|x64
		Debug|x86 = Debug|x86
		Release|x64 = Release|x64
		Release|x86 = Release|x86
	EndGlobalSection
	GlobalSection(ProjectConfigurationPlatforms) = postSolution
		{2483CB88-5454-479B-BA0A-CDFB5867794A}.Debug|x64.ActiveCfg = Debug|x64
		{2483CB88-5454-479B-BA0A-CDFB5867794A}.Debug|x64.Build.0 = Debug|x64
		{2483CB88-5454-479B-BA0A-CDFB5867794A}.Debug|x86.ActiveCfg = Debug|Win32
		{2483CB88-5454-479B-BA0A-CDFB5867794A}.Debug|x86.Build.0 = Debug|Win32
		{2483CB88-5454-479B-BA0A-CDFB5867794A}.Release|x64.ActiveCfg = Release|x64
		{2483CB88-5454-479B-BA0A-CDFB5867794A}.Release|x64.Build.0 = Release|x64
		{2483CB88-5454-479B-BA0A-CDFB5867794A}.Release|x86.ActiveCfg = Release|Win32
		{2483CB88-5454-479B-BA0A-CDFB5867794A}.Release|x86.Build.0 = Release|Win32
	EndGlobalSection
	GlobalSection(SolutionProperties) = preSolution
		HideSolutionNode = FALSE
	EndGlobalSection
	GlobalSection(ExtensibilityGlobals) = postSolution
		SolutionGuid = {C17D6154-7FB8-4757-90CC-A24C227EBD0F}
	EndGlobalSection
EndGlobal
